
Microsoft Visual Studio Solution File, Format Version 12.00
# Visual Studio Version 17
VisualStudioVersion = 17.11.35111.106
MinimumVisualStudioVersion = 10.0.40219.1
Project("{FAE04EC0-301F-11D3-BF4B-00C04F79EFBC}") = "AspNetCoreAngularApp.Server", "AspNetCoreAngularApp.Server\AspNetCoreAngularApp.Server.csproj", "{C23335A1-9388-4B0E-8A9A-848F83AB8EF2}"
EndProject
Project("{54A90642-561A-4BB1-A94E-469ADEE60C69}") = "aspnetcoreangularapp.client", "aspnetcoreangularapp.client\aspnetcoreangularapp.client.esproj", "{4DD772B3-321F-4354-92C5-11F1731135D3}"
EndProject
Global
	GlobalSection(SolutionConfigurationPlatforms) = preSolution
		Debug|Any CPU = Debug|Any CPU
		Release|Any CPU = Release|Any CPU
	EndGlobalSection
	GlobalSection(ProjectConfigurationPlatforms) = postSolution
		{C23335A1-9388-4B0E-8A9A-848F83AB8EF2}.Debug|Any CPU.ActiveCfg = Debug|Any CPU
		{C23335A1-9388-4B0E-8A9A-848F83AB8EF2}.Debug|Any CPU.Build.0 = Debug|Any CPU
		{C23335A1-9388-4B0E-8A9A-848F83AB8EF2}.Release|Any CPU.ActiveCfg = Release|Any CPU
		{C23335A1-9388-4B0E-8A9A-848F83AB8EF2}.Release|Any CPU.Build.0 = Release|Any CPU
		{4DD772B3-321F-4354-92C5-11F1731135D3}.Debug|Any CPU.ActiveCfg = Debug|Any CPU
		{4DD772B3-321F-4354-92C5-11F1731135D3}.Debug|Any CPU.Build.0 = Debug|Any CPU
		{4DD772B3-321F-4354-92C5-11F1731135D3}.Debug|Any CPU.Deploy.0 = Debug|Any CPU
		{4DD772B3-321F-4354-92C5-11F1731135D3}.Release|Any CPU.ActiveCfg = Release|Any CPU
		{4DD772B3-321F-4354-92C5-11F1731135D3}.Release|Any CPU.Build.0 = Release|Any CPU
		{4DD772B3-321F-4354-92C5-11F1731135D3}.Release|Any CPU.Deploy.0 = Release|Any CPU
	EndGlobalSection
	GlobalSection(SolutionProperties) = preSolution
		HideSolutionNode = FALSE
	EndGlobalSection
	GlobalSection(ExtensibilityGlobals) = postSolution
		SolutionGuid = {00A3ECBF-F153-45C7-ADA0-5A3276FD45F4}
	EndGlobalSection
EndGlobal
